
Microsoft Visual Studio Solution File, Format Version 12.00
# Visual Studio Version 16
VisualStudioVersion = 16.0.31624.102
MinimumVisualStudioVersion = 10.0.40219.1
Project("{FAE04EC0-301F-11D3-BF4B-00C04F79EFBC}") = "FastStore.Domain", "FastStore.Domain\FastStore.Domain.csproj", "{DB30671A-86D3-4E73-9FFA-9AA8126C908B}"
EndProject
Project("{FAE04EC0-301F-11D3-BF4B-00C04F79EFBC}") = "FastStore.Web", "FastStore.Web\FastStore.Web.csproj", "{6B3760FA-C4EE-4827-8849-47B42479C6CE}"
EndProject
Global
	GlobalSection(SolutionConfigurationPlatforms) = preSolution
		Debug|Any CPU = Debug|Any CPU
		Release|Any CPU = Release|Any CPU
	EndGlobalSection
	GlobalSection(ProjectConfigurationPlatforms) = postSolution
		{DB30671A-86D3-4E73-9FFA-9AA8126C908B}.Debug|Any CPU.ActiveCfg = Debug|Any CPU
		{DB30671A-86D3-4E73-9FFA-9AA8126C908B}.Debug|Any CPU.Build.0 = Debug|Any CPU
		{DB30671A-86D3-4E73-9FFA-9AA8126C908B}.Release|Any CPU.ActiveCfg = Release|Any CPU
		{DB30671A-86D3-4E73-9FFA-9AA8126C908B}.Release|Any CPU.Build.0 = Release|Any CPU
		{6B3760FA-C4EE-4827-8849-47B42479C6CE}.Debug|Any CPU.ActiveCfg = Debug|Any CPU
		{6B3760FA-C4EE-4827-8849-47B42479C6CE}.Debug|Any CPU.Build.0 = Debug|Any CPU
		{6B3760FA-C4EE-4827-8849-47B42479C6CE}.Release|Any CPU.ActiveCfg = Release|Any CPU
		{6B3760FA-C4EE-4827-8849-47B42479C6CE}.Release|Any CPU.Build.0 = Release|Any CPU
	EndGlobalSection
	GlobalSection(SolutionProperties) = preSolution
		HideSolutionNode = FALSE
	EndGlobalSection
	GlobalSection(ExtensibilityGlobals) = postSolution
		SolutionGuid = {33EB6772-6C17-45CA-B425-0F86233A3853}
	EndGlobalSection
EndGlobal
